version = 1
requires-python = ">=3.12"

[[package]]
name = "convert"
version = "0.1.0"
source = { virtual = "." }
dependencies = [
    { name = "dynaconf" },
]

[package.metadata]
requires-dist = [{ name = "dynaconf", specifier = ">=3.2.6" }]

[[package]]
name = "dynaconf"
version = "3.2.6"
source = { registry = "https://pypi.org/simple" }
sdist = { url = "https://files.pythonhosted.org/packages/56/1a/324f1bf234cc4f98445305fd8719245318466e310e05caea7ef052748ecd/dynaconf-3.2.6.tar.gz", hash = "sha256:74cc1897396380bb957730eb341cc0976ee9c38bbcb53d3307c50caed0aedfb8", size = 229209 }
wheels = [
    { url = "https://files.pythonhosted.org/packages/e2/14/c8a7d861262139688fa465d2e27ff7113764d6fa03b15b9c7b666729ea2e/dynaconf-3.2.6-py2.py3-none-any.whl", hash = "sha256:3911c740d717df4576ed55f616c7cbad6e06bc8ef23ffca444b6e2a12fb1c34c", size = 231063 },
]
